// !$*UTF8*$!
{
	archiveVersion = 1;
	classes = {
	};
	objectVersion = 56;
	objects = {

/* Begin PBXBuildFile section */
		BD8878FE2ABAC5E300023C30 /* TSBookClubSchemaV1.swift in Sources */ = {isa = PBXBuildFile; fileRef = BD8878FD2ABAC5E300023C30 /* TSBookClubSchemaV1.swift */; };
		BD8879012ABAC6D600023C30 /* TSBookClubSchemaV2.swift in Sources */ = {isa = PBXBuildFile; fileRef = BD8879002ABAC6D600023C30 /* TSBookClubSchemaV2.swift */; };
		BD8879032ABACAE200023C30 /* TSBookClubSchemaV3.swift in Sources */ = {isa = PBXBuildFile; fileRef = BD8879022ABACAE200023C30 /* TSBookClubSchemaV3.swift */; };
		BD8879072ABAFE1500023C30 /* TSBookClubMigrationPlan.swift in Sources */ = {isa = PBXBuildFile; fileRef = BD8879062ABAFE1500023C30 /* TSBookClubMigrationPlan.swift */; };
		BDE636742AB9A4E9004EA005 /* TS_BookClubApp.swift in Sources */ = {isa = PBXBuildFile; fileRef = BDE636732AB9A4E9004EA005 /* TS_BookClubApp.swift */; };
		BDE636762AB9A4E9004EA005 /* ContentView.swift in Sources */ = {isa = PBXBuildFile; fileRef = BDE636752AB9A4E9004EA005 /* ContentView.swift */; };
		BDE636782AB9A4EA004EA005 /* Assets.xcassets in Resources */ = {isa = PBXBuildFile; fileRef = BDE636772AB9A4EA004EA005 /* Assets.xcassets */; };
		BDE6367B2AB9A4EA004EA005 /* Preview Assets.xcassets in Resources */ = {isa = PBXBuildFile; fileRef = BDE6367A2AB9A4EA004EA005 /* Preview Assets.xcassets */; };
		BDE6369A2AB9A7A6004EA005 /* Book.swift in Sources */ = {isa = PBXBuildFile; fileRef = BDE636972AB9A7A6004EA005 /* Book.swift */; };
		BDE6369B2AB9A7A6004EA005 /* Author.swift in Sources */ = {isa = PBXBuildFile; fileRef = BDE636982AB9A7A6004EA005 /* Author.swift */; };
		BDE6369C2AB9A7A6004EA005 /* Rating.swift in Sources */ = {isa = PBXBuildFile; fileRef = BDE636992AB9A7A6004EA005 /* Rating.swift */; };
		BDE636A22AB9A7AE004EA005 /* AuthorsList.swift in Sources */ = {isa = PBXBuildFile; fileRef = BDE6369D2AB9A7AE004EA005 /* AuthorsList.swift */; };
		BDE636A32AB9A7AE004EA005 /* RatingView.swift in Sources */ = {isa = PBXBuildFile; fileRef = BDE6369E2AB9A7AE004EA005 /* RatingView.swift */; };
		BDE636A42AB9A7AE004EA005 /* BooksList.swift in Sources */ = {isa = PBXBuildFile; fileRef = BDE6369F2AB9A7AE004EA005 /* BooksList.swift */; };
		BDE636A52AB9A7AE004EA005 /* BookCreationSheet.swift in Sources */ = {isa = PBXBuildFile; fileRef = BDE636A02AB9A7AE004EA005 /* BookCreationSheet.swift */; };
		BDE636A62AB9A7AE004EA005 /* BookDetailView.swift in Sources */ = {isa = PBXBuildFile; fileRef = BDE636A12AB9A7AE004EA005 /* BookDetailView.swift */; };
		BDE636AA2AB9ADE0004EA005 /* DataManager.swift in Sources */ = {isa = PBXBuildFile; fileRef = BDE636A92AB9ADE0004EA005 /* DataManager.swift */; };
/* End PBXBuildFile section */

/* Begin PBXFileReference section */
		BD8878FD2ABAC5E300023C30 /* TSBookClubSchemaV1.swift */ = {isa = PBXFileReference; lastKnownFileType = sourcecode.swift; path = TSBookClubSchemaV1.swift; sourceTree = "<group>"; };
		BD8879002ABAC6D600023C30 /* TSBookClubSchemaV2.swift */ = {isa = PBXFileReference; lastKnownFileType = sourcecode.swift; path = TSBookClubSchemaV2.swift; sourceTree = "<group>"; };
		BD8879022ABACAE200023C30 /* TSBookClubSchemaV3.swift */ = {isa = PBXFileReference; lastKnownFileType = sourcecode.swift; path = TSBookClubSchemaV3.swift; sourceTree = "<group>"; };
		BD8879062ABAFE1500023C30 /* TSBookClubMigrationPlan.swift */ = {isa = PBXFileReference; lastKnownFileType = sourcecode.swift; path = TSBookClubMigrationPlan.swift; sourceTree = "<group>"; };
		BDE636702AB9A4E9004EA005 /* TS BookClub.app */ = {isa = PBXFileReference; explicitFileType = wrapper.application; includeInIndex = 0; path = "TS BookClub.app"; sourceTree = BUILT_PRODUCTS_DIR; };
		BDE636732AB9A4E9004EA005 /* TS_BookClubApp.swift */ = {isa = PBXFileReference; lastKnownFileType = sourcecode.swift; path = TS_BookClubApp.swift; sourceTree = "<group>"; };
		BDE636752AB9A4E9004EA005 /* ContentView.swift */ = {isa = PBXFileReference; lastKnownFileType = sourcecode.swift; path = ContentView.swift; sourceTree = "<group>"; };
		BDE636772AB9A4EA004EA005 /* Assets.xcassets */ = {isa = PBXFileReference; lastKnownFileType = folder.assetcatalog; path = Assets.xcassets; sourceTree = "<group>"; };
		BDE6367A2AB9A4EA004EA005 /* Preview Assets.xcassets */ = {isa = PBXFileReference; lastKnownFileType = folder.assetcatalog; path = "Preview Assets.xcassets"; sourceTree = "<group>"; };
		BDE636972AB9A7A6004EA005 /* Book.swift */ = {isa = PBXFileReference; fileEncoding = 4; lastKnownFileType = sourcecode.swift; path = Book.swift; sourceTree = "<group>"; };
		BDE636982AB9A7A6004EA005 /* Author.swift */ = {isa = PBXFileReference; fileEncoding = 4; lastKnownFileType = sourcecode.swift; path = Author.swift; sourceTree = "<group>"; };
		BDE636992AB9A7A6004EA005 /* Rating.swift */ = {isa = PBXFileReference; fileEncoding = 4; lastKnownFileType = sourcecode.swift; path = Rating.swift; sourceTree = "<group>"; };
		BDE6369D2AB9A7AE004EA005 /* AuthorsList.swift */ = {isa = PBXFileReference; fileEncoding = 4; lastKnownFileType = sourcecode.swift; path = AuthorsList.swift; sourceTree = "<group>"; };
		BDE6369E2AB9A7AE004EA005 /* RatingView.swift */ = {isa = PBXFileReference; fileEncoding = 4; lastKnownFileType = sourcecode.swift; path = RatingView.swift; sourceTree = "<group>"; };
		BDE6369F2AB9A7AE004EA005 /* BooksList.swift */ = {isa = PBXFileReference; fileEncoding = 4; lastKnownFileType = sourcecode.swift; path = BooksList.swift; sourceTree = "<group>"; };
		BDE636A02AB9A7AE004EA005 /* BookCreationSheet.swift */ = {isa = PBXFileReference; fileEncoding = 4; lastKnownFileType = sourcecode.swift; path = BookCreationSheet.swift; sourceTree = "<group>"; };
		BDE636A12AB9A7AE004EA005 /* BookDetailView.swift */ = {isa = PBXFileReference; fileEncoding = 4; lastKnownFileType = sourcecode.swift; path = BookDetailView.swift; sourceTree = "<group>"; };
		BDE636A92AB9ADE0004EA005 /* DataManager.swift */ = {isa = PBXFileReference; lastKnownFileType = sourcecode.swift; path = DataManager.swift; sourceTree = "<group>"; };
/* End PBXFileReference section */

/* Begin PBXFrameworksBuildPhase section */
		BDE6366D2AB9A4E9004EA005 /* Frameworks */ = {
			isa = PBXFrameworksBuildPhase;
			buildActionMask = 2147483647;
			files = (
			);
			runOnlyForDeploymentPostprocessing = 0;
		};
/* End PBXFrameworksBuildPhase section */

/* Begin PBXGroup section */
		BD8878FF2ABAC6AF00023C30 /* Migration */ = {
			isa = PBXGroup;
			children = (
				BD8878FD2ABAC5E300023C30 /* TSBookClubSchemaV1.swift */,
				BD8879002ABAC6D600023C30 /* TSBookClubSchemaV2.swift */,
				BD8879022ABACAE200023C30 /* TSBookClubSchemaV3.swift */,
				BD8879062ABAFE1500023C30 /* TSBookClubMigrationPlan.swift */,
			);
			path = Migration;
			sourceTree = "<group>";
		};
		BDE636672AB9A4E9004EA005 = {
			isa = PBXGroup;
			children = (
				BDE636722AB9A4E9004EA005 /* TS BookClub */,
				BDE636712AB9A4E9004EA005 /* Products */,
			);
			sourceTree = "<group>";
		};
		BDE636712AB9A4E9004EA005 /* Products */ = {
			isa = PBXGroup;
			children = (
				BDE636702AB9A4E9004EA005 /* TS BookClub.app */,
			);
			name = Products;
			sourceTree = "<group>";
		};
		BDE636722AB9A4E9004EA005 /* TS BookClub */ = {
			isa = PBXGroup;
			children = (
				BDE636732AB9A4E9004EA005 /* TS_BookClubApp.swift */,
				BDE636952AB9A773004EA005 /* Model */,
				BDE636962AB9A778004EA005 /* Views */,
				BDE636772AB9A4EA004EA005 /* Assets.xcassets */,
				BDE636792AB9A4EA004EA005 /* Preview Content */,
			);
			path = "TS BookClub";
			sourceTree = "<group>";
		};
		BDE636792AB9A4EA004EA005 /* Preview Content */ = {
			isa = PBXGroup;
			children = (
				BDE6367A2AB9A4EA004EA005 /* Preview Assets.xcassets */,
			);
			path = "Preview Content";
			sourceTree = "<group>";
		};
		BDE636952AB9A773004EA005 /* Model */ = {
			isa = PBXGroup;
			children = (
				BDE636982AB9A7A6004EA005 /* Author.swift */,
				BDE636972AB9A7A6004EA005 /* Book.swift */,
				BDE636992AB9A7A6004EA005 /* Rating.swift */,
				BDE636A92AB9ADE0004EA005 /* DataManager.swift */,
				BD8878FF2ABAC6AF00023C30 /* Migration */,
			);
			path = Model;
			sourceTree = "<group>";
		};
		BDE636962AB9A778004EA005 /* Views */ = {
			isa = PBXGroup;
			children = (
				BDE636752AB9A4E9004EA005 /* ContentView.swift */,
				BDE6369F2AB9A7AE004EA005 /* BooksList.swift */,
				BDE6369D2AB9A7AE004EA005 /* AuthorsList.swift */,
				BDE636A02AB9A7AE004EA005 /* BookCreationSheet.swift */,
				BDE636A12AB9A7AE004EA005 /* BookDetailView.swift */,
				BDE6369E2AB9A7AE004EA005 /* RatingView.swift */,
			);
			path = Views;
			sourceTree = "<group>";
		};
/* End PBXGroup section */

/* Begin PBXNativeTarget section */
		BDE6366F2AB9A4E9004EA005 /* TS BookClub */ = {
			isa = PBXNativeTarget;
			buildConfigurationList = BDE6367E2AB9A4EA004EA005 /* Build configuration list for PBXNativeTarget "TS BookClub" */;
			buildPhases = (
				BDE6366C2AB9A4E9004EA005 /* Sources */,
				BDE6366D2AB9A4E9004EA005 /* Frameworks */,
				BDE6366E2AB9A4E9004EA005 /* Resources */,
			);
			buildRules = (
			);
			dependencies = (
			);
			name = "TS BookClub";
			productName = "TS BookClub";
			productReference = BDE636702AB9A4E9004EA005 /* TS BookClub.app */;
			productType = "com.apple.product-type.application";
		};
/* End PBXNativeTarget section */

/* Begin PBXProject section */
		BDE636682AB9A4E9004EA005 /* Project object */ = {
			isa = PBXProject;
			attributes = {
				BuildIndependentTargetsInParallel = 1;
				LastSwiftUpdateCheck = 1500;
				LastUpgradeCheck = 1500;
				TargetAttributes = {
					BDE6366F2AB9A4E9004EA005 = {
						CreatedOnToolsVersion = 15.0;
					};
				};
			};
			buildConfigurationList = BDE6366B2AB9A4E9004EA005 /* Build configuration list for PBXProject "TS BookClub" */;
			compatibilityVersion = "Xcode 14.0";
			developmentRegion = en;
			hasScannedForEncodings = 0;
			knownRegions = (
				en,
				Base,
			);
			mainGroup = BDE636672AB9A4E9004EA005;
			productRefGroup = BDE636712AB9A4E9004EA005 /* Products */;
			projectDirPath = "";
			projectRoot = "";
			targets = (
				BDE6366F2AB9A4E9004EA005 /* TS BookClub */,
			);
		};
/* End PBXProject section */

/* Begin PBXResourcesBuildPhase section */
		BDE6366E2AB9A4E9004EA005 /* Resources */ = {
			isa = PBXResourcesBuildPhase;
			buildActionMask = 2147483647;
			files = (
				BDE6367B2AB9A4EA004EA005 /* Preview Assets.xcassets in Resources */,
				BDE636782AB9A4EA004EA005 /* Assets.xcassets in Resources */,
			);
			runOnlyForDeploymentPostprocessing = 0;
		};
/* End PBXResourcesBuildPhase section */

/* Begin PBXSourcesBuildPhase section */
		BDE6366C2AB9A4E9004EA005 /* Sources */ = {
			isa = PBXSourcesBuildPhase;
			buildActionMask = 2147483647;
			files = (
				BDE636762AB9A4E9004EA005 /* ContentView.swift in Sources */,
				BDE636A52AB9A7AE004EA005 /* BookCreationSheet.swift in Sources */,
				BDE636A62AB9A7AE004EA005 /* BookDetailView.swift in Sources */,
				BDE636742AB9A4E9004EA005 /* TS_BookClubApp.swift in Sources */,
				BD8879072ABAFE1500023C30 /* TSBookClubMigrationPlan.swift in Sources */,
				BDE636A22AB9A7AE004EA005 /* AuthorsList.swift in Sources */,
				BDE6369C2AB9A7A6004EA005 /* Rating.swift in Sources */,
				BDE636A42AB9A7AE004EA005 /* BooksList.swift in Sources */,
				BD8879012ABAC6D600023C30 /* TSBookClubSchemaV2.swift in Sources */,
				BDE6369B2AB9A7A6004EA005 /* Author.swift in Sources */,
				BD8879032ABACAE200023C30 /* TSBookClubSchemaV3.swift in Sources */,
				BD8878FE2ABAC5E300023C30 /* TSBookClubSchemaV1.swift in Sources */,
				BDE636AA2AB9ADE0004EA005 /* DataManager.swift in Sources */,
				BDE6369A2AB9A7A6004EA005 /* Book.swift in Sources */,
				BDE636A32AB9A7AE004EA005 /* RatingView.swift in Sources */,
			);
			runOnlyForDeploymentPostprocessing = 0;
		};
/* End PBXSourcesBuildPhase section */

/* Begin XCBuildConfiguration section */
		BDE6367C2AB9A4EA004EA005 /* Debug */ = {
			isa = XCBuildConfiguration;
			buildSettings = {
				ALWAYS_SEARCH_USER_PATHS = NO;
				ASSETCATALOG_COMPILER_GENERATE_SWIFT_ASSET_SYMBOL_EXTENSIONS = YES;
				CLANG_ANALYZER_NONNULL = YES;
				CLANG_ANALYZER_NUMBER_OBJECT_CONVERSION = YES_AGGRESSIVE;
				CLANG_CXX_LANGUAGE_STANDARD = "gnu++20";
				CLANG_ENABLE_MODULES = YES;
				CLANG_ENABLE_OBJC_ARC = YES;
				CLANG_ENABLE_OBJC_WEAK = YES;
				CLANG_WARN_BLOCK_CAPTURE_AUTORELEASING = YES;
				CLANG_WARN_BOOL_CONVERSION = YES;
				CLANG_WARN_COMMA = YES;
				CLANG_WARN_CONSTANT_CONVERSION = YES;
				CLANG_WARN_DEPRECATED_OBJC_IMPLEMENTATIONS = YES;
				CLANG_WARN_DIRECT_OBJC_ISA_USAGE = YES_ERROR;
				CLANG_WARN_DOCUMENTATION_COMMENTS = YES;
				CLANG_WARN_EMPTY_BODY = YES;
				CLANG_WARN_ENUM_CONVERSION = YES;
				CLANG_WARN_INFINITE_RECURSION = YES;
				CLANG_WARN_INT_CONVERSION = YES;
				CLANG_WARN_NON_LITERAL_NULL_CONVERSION = YES;
				CLANG_WARN_OBJC_IMPLICIT_RETAIN_SELF = YES;
				CLANG_WARN_OBJC_LITERAL_CONVERSION = YES;
				CLANG_WARN_OBJC_ROOT_CLASS = YES_ERROR;
				CLANG_WARN_QUOTED_INCLUDE_IN_FRAMEWORK_HEADER = YES;
				CLANG_WARN_RANGE_LOOP_ANALYSIS = YES;
				CLANG_WARN_STRICT_PROTOTYPES = YES;
				CLANG_WARN_SUSPICIOUS_MOVE = YES;
				CLANG_WARN_UNGUARDED_AVAILABILITY = YES_AGGRESSIVE;
				CLANG_WARN_UNREACHABLE_CODE = YES;
				CLANG_WARN__DUPLICATE_METHOD_MATCH = YES;
				COPY_PHASE_STRIP = NO;
				DEBUG_INFORMATION_FORMAT = dwarf;
				ENABLE_STRICT_OBJC_MSGSEND = YES;
				ENABLE_TESTABILITY = YES;
				ENABLE_USER_SCRIPT_SANDBOXING = YES;
				GCC_C_LANGUAGE_STANDARD = gnu17;
				GCC_DYNAMIC_NO_PIC = NO;
				GCC_NO_COMMON_BLOCKS = YES;
				GCC_OPTIMIZATION_LEVEL = 0;
				GCC_PREPROCESSOR_DEFINITIONS = (
					"DEBUG=1",
					"$(inherited)",
				);
				GCC_WARN_64_TO_32_BIT_CONVERSION = YES;
				GCC_WARN_ABOUT_RETURN_TYPE = YES_ERROR;
				GCC_WARN_UNDECLARED_SELECTOR = YES;
				GCC_WARN_UNINITIALIZED_AUTOS = YES_AGGRESSIVE;
				GCC_WARN_UNUSED_FUNCTION = YES;
				GCC_WARN_UNUSED_VARIABLE = YES;
				IPHONEOS_DEPLOYMENT_TARGET = 17.0;
				LOCALIZATION_PREFERS_STRING_CATALOGS = YES;
				MTL_ENABLE_DEBUG_INFO = INCLUDE_SOURCE;
				MTL_FAST_MATH = YES;
				ONLY_ACTIVE_ARCH = YES;
				SDKROOT = iphoneos;
				SWIFT_ACTIVE_COMPILATION_CONDITIONS = "DEBUG $(inherited)";
				SWIFT_OPTIMIZATION_LEVEL = "-Onone";
			};
			name = Debug;
		};
		BDE6367D2AB9A4EA004EA005 /* Release */ = {
			isa = XCBuildConfiguration;
			buildSettings = {
				ALWAYS_SEARCH_USER_PATHS = NO;
				ASSETCATALOG_COMPILER_GENERATE_SWIFT_ASSET_SYMBOL_EXTENSIONS = YES;
				CLANG_ANALYZER_NONNULL = YES;
				CLANG_ANALYZER_NUMBER_OBJECT_CONVERSION = YES_AGGRESSIVE;
				CLANG_CXX_LANGUAGE_STANDARD = "gnu++20";
				CLANG_ENABLE_MODULES = YES;
				CLANG_ENABLE_OBJC_ARC = YES;
				CLANG_ENABLE_OBJC_WEAK = YES;
				CLANG_WARN_BLOCK_CAPTURE_AUTORELEASING = YES;
				CLANG_WARN_BOOL_CONVERSION = YES;
				CLANG_WARN_COMMA = YES;
				CLANG_WARN_CONSTANT_CONVERSION = YES;
				CLANG_WARN_DEPRECATED_OBJC_IMPLEMENTATIONS = YES;
				CLANG_WARN_DIRECT_OBJC_ISA_USAGE = YES_ERROR;
				CLANG_WARN_DOCUMENTATION_COMMENTS = YES;
				CLANG_WARN_EMPTY_BODY = YES;
				CLANG_WARN_ENUM_CONVERSION = YES;
				CLANG_WARN_INFINITE_RECURSION = YES;
				CLANG_WARN_INT_CONVERSION = YES;
				CLANG_WARN_NON_LITERAL_NULL_CONVERSION = YES;
				CLANG_WARN_OBJC_IMPLICIT_RETAIN_SELF = YES;
				CLANG_WARN_OBJC_LITERAL_CONVERSION = YES;
				CLANG_WARN_OBJC_ROOT_CLASS = YES_ERROR;
				CLANG_WARN_QUOTED_INCLUDE_IN_FRAMEWORK_HEADER = YES;
				CLANG_WARN_RANGE_LOOP_ANALYSIS = YES;
				CLANG_WARN_STRICT_PROTOTYPES = YES;
				CLANG_WARN_SUSPICIOUS_MOVE = YES;
				CLANG_WARN_UNGUARDED_AVAILABILITY = YES_AGGRESSIVE;
				CLANG_WARN_UNREACHABLE_CODE = YES;
				CLANG_WARN__DUPLICATE_METHOD_MATCH = YES;
				COPY_PHASE_STRIP = NO;
				DEBUG_INFORMATION_FORMAT = "dwarf-with-dsym";
				ENABLE_NS_ASSERTIONS = NO;
				ENABLE_STRICT_OBJC_MSGSEND = YES;
				ENABLE_USER_SCRIPT_SANDBOXING = YES;
				GCC_C_LANGUAGE_STANDARD = gnu17;
				GCC_NO_COMMON_BLOCKS = YES;
				GCC_WARN_64_TO_32_BIT_CONVERSION = YES;
				GCC_WARN_ABOUT_RETURN_TYPE = YES_ERROR;
				GCC_WARN_UNDECLARED_SELECTOR = YES;
				GCC_WARN_UNINITIALIZED_AUTOS = YES_AGGRESSIVE;
				GCC_WARN_UNUSED_FUNCTION = YES;
				GCC_WARN_UNUSED_VARIABLE = YES;
				IPHONEOS_DEPLOYMENT_TARGET = 17.0;
				LOCALIZATION_PREFERS_STRING_CATALOGS = YES;
				MTL_ENABLE_DEBUG_INFO = NO;
				MTL_FAST_MATH = YES;
				SDKROOT = iphoneos;
				SWIFT_COMPILATION_MODE = wholemodule;
				VALIDATE_PRODUCT = YES;
			};
			name = Release;
		};
		BDE6367F2AB9A4EA004EA005 /* Debug */ = {
			isa = XCBuildConfiguration;
			buildSettings = {
				ASSETCATALOG_COMPILER_APPICON_NAME = AppIcon;
				ASSETCATALOG_COMPILER_GLOBAL_ACCENT_COLOR_NAME = AccentColor;
				CODE_SIGN_STYLE = Automatic;
				CURRENT_PROJECT_VERSION = 1;
				DEVELOPMENT_ASSET_PATHS = "\"TS BookClub/Preview Content\"";
				ENABLE_PREVIEWS = YES;
				GENERATE_INFOPLIST_FILE = YES;
				INFOPLIST_KEY_UIApplicationSceneManifest_Generation = YES;
				INFOPLIST_KEY_UIApplicationSupportsIndirectInputEvents = YES;
				INFOPLIST_KEY_UILaunchScreen_Generation = YES;
				INFOPLIST_KEY_UISupportedInterfaceOrientations_iPad = "UIInterfaceOrientationPortrait UIInterfaceOrientationPortraitUpsideDown UIInterfaceOrientationLandscapeLeft UIInterfaceOrientationLandscapeRight";
				INFOPLIST_KEY_UISupportedInterfaceOrientations_iPhone = "UIInterfaceOrientationPortrait UIInterfaceOrientationLandscapeLeft UIInterfaceOrientationLandscapeRight";
				LD_RUNPATH_SEARCH_PATHS = (
					"$(inherited)",
					"@executable_path/Frameworks",
				);
				MARKETING_VERSION = 1.0;
				PRODUCT_BUNDLE_IDENTIFIER = "de.thomassillmann.TS-BookClub";
				PRODUCT_NAME = "$(TARGET_NAME)";
				SWIFT_EMIT_LOC_STRINGS = YES;
				SWIFT_VERSION = 5.0;
				TARGETED_DEVICE_FAMILY = "1,2";
			};
			name = Debug;
		};
		BDE636802AB9A4EA004EA005 /* Release */ = {
			isa = XCBuildConfiguration;
			buildSettings = {
				ASSETCATALOG_COMPILER_APPICON_NAME = AppIcon;
				ASSETCATALOG_COMPILER_GLOBAL_ACCENT_COLOR_NAME = AccentColor;
				CODE_SIGN_STYLE = Automatic;
				CURRENT_PROJECT_VERSION = 1;
				DEVELOPMENT_ASSET_PATHS = "\"TS BookClub/Preview Content\"";
				ENABLE_PREVIEWS = YES;
				GENERATE_INFOPLIST_FILE = YES;
				INFOPLIST_KEY_UIApplicationSceneManifest_Generation = YES;
				INFOPLIST_KEY_UIApplicationSupportsIndirectInputEvents = YES;
				INFOPLIST_KEY_UILaunchScreen_Generation = YES;
				INFOPLIST_KEY_UISupportedInterfaceOrientations_iPad = "UIInterfaceOrientationPortrait UIInterfaceOrientationPortraitUpsideDown UIInterfaceOrientationLandscapeLeft UIInterfaceOrientationLandscapeRight";
				INFOPLIST_KEY_UISupportedInterfaceOrientations_iPhone = "UIInterfaceOrientationPortrait UIInterfaceOrientationLandscapeLeft UIInterfaceOrientationLandscapeRight";
				LD_RUNPATH_SEARCH_PATHS = (
					"$(inherited)",
					"@executable_path/Frameworks",
				);
				MARKETING_VERSION = 1.0;
				PRODUCT_BUNDLE_IDENTIFIER = "de.thomassillmann.TS-BookClub";
				PRODUCT_NAME = "$(TARGET_NAME)";
				SWIFT_EMIT_LOC_STRINGS = YES;
				SWIFT_VERSION = 5.0;
				TARGETED_DEVICE_FAMILY = "1,2";
			};
			name = Release;
		};
/* End XCBuildConfiguration section */

/* Begin XCConfigurationList section */
		BDE6366B2AB9A4E9004EA005 /* Build configuration list for PBXProject "TS BookClub" */ = {
			isa = XCConfigurationList;
			buildConfigurations = (
				BDE6367C2AB9A4EA004EA005 /* Debug */,
				BDE6367D2AB9A4EA004EA005 /* Release */,
			);
			defaultConfigurationIsVisible = 0;
			defaultConfigurationName = Release;
		};
		BDE6367E2AB9A4EA004EA005 /* Build configuration list for PBXNativeTarget "TS BookClub" */ = {
			isa = XCConfigurationList;
			buildConfigurations = (
				BDE6367F2AB9A4EA004EA005 /* Debug */,
				BDE636802AB9A4EA004EA005 /* Release */,
			);
			defaultConfigurationIsVisible = 0;
			defaultConfigurationName = Release;
		};
/* End XCConfigurationList section */
	};
	rootObject = BDE636682AB9A4E9004EA005 /* Project object */;
}
